// !$*UTF8*$!
{
	archiveVersion = 1;
	classes = {
	};
	objectVersion = 46;
	objects = {

/* Begin PBXBuildFile section */
		E8F1484B1AE196C6001B9D61 /* main.m in Sources */ = {isa = PBXBuildFile; fileRef = E8F1484A1AE196C6001B9D61 /* main.m */; };
		E8F1484E1AE196C6001B9D61 /* AppDelegate.m in Sources */ = {isa = PBXBuildFile; fileRef = E8F1484D1AE196C6001B9D61 /* AppDelegate.m */; };
		E8F148541AE196C6001B9D61 /* Main.storyboard in Resources */ = {isa = PBXBuildFile; fileRef = E8F148521AE196C6001B9D61 /* Main.storyboard */; };
		E8F148561AE196C6001B9D61 /* Images.xcassets in Resources */ = {isa = PBXBuildFile; fileRef = E8F148551AE196C6001B9D61 /* Images.xcassets */; };
		E8F148591AE196C6001B9D61 /* LaunchScreen.xib in Resources */ = {isa = PBXBuildFile; fileRef = E8F148571AE196C6001B9D61 /* LaunchScreen.xib */; };
		E8F148651AE196C6001B9D61 /* FormularioTests.m in Sources */ = {isa = PBXBuildFile; fileRef = E8F148641AE196C6001B9D61 /* FormularioTests.m */; };
		E8F148821AE19A06001B9D61 /* ViewController.m in Sources */ = {isa = PBXBuildFile; fileRef = E8F148811AE19A06001B9D61 /* ViewController.m */; };
		E8F148871AE19C10001B9D61 /* Usuario.m in Sources */ = {isa = PBXBuildFile; fileRef = E8F148861AE19C10001B9D61 /* Usuario.m */; };
/* End PBXBuildFile section */

/* Begin PBXContainerItemProxy section */
		E8F1485F1AE196C6001B9D61 /* PBXContainerItemProxy */ = {
			isa = PBXContainerItemProxy;
			containerPortal = E8F1483D1AE196C6001B9D61 /* Project object */;
			proxyType = 1;
			remoteGlobalIDString = E8F148441AE196C6001B9D61;
			remoteInfo = Formulario;
		};
/* End PBXContainerItemProxy section */

/* Begin PBXFileReference section */
		E8F148451AE196C6001B9D61 /* Formulario.app */ = {isa = PBXFileReference; explicitFileType = wrapper.application; includeInIndex = 0; path = Formulario.app; sourceTree = BUILT_PRODUCTS_DIR; };
		E8F148491AE196C6001B9D61 /* Info.plist */ = {isa = PBXFileReference; lastKnownFileType = text.plist.xml; path = Info.plist; sourceTree = "<group>"; };
		E8F1484A1AE196C6001B9D61 /* main.m */ = {isa = PBXFileReference; lastKnownFileType = sourcecode.c.objc; path = main.m; sourceTree = "<group>"; };
		E8F1484C1AE196C6001B9D61 /* AppDelegate.h */ = {isa = PBXFileReference; lastKnownFileType = sourcecode.c.h; path = AppDelegate.h; sourceTree = "<group>"; };
		E8F1484D1AE196C6001B9D61 /* AppDelegate.m */ = {isa = PBXFileReference; lastKnownFileType = sourcecode.c.objc; path = AppDelegate.m; sourceTree = "<group>"; };
		E8F148531AE196C6001B9D61 /* Base */ = {isa = PBXFileReference; lastKnownFileType = file.storyboard; name = Base; path = Base.lproj/Main.storyboard; sourceTree = "<group>"; };
		E8F148551AE196C6001B9D61 /* Images.xcassets */ = {isa = PBXFileReference; lastKnownFileType = folder.assetcatalog; path = Images.xcassets; sourceTree = "<group>"; };
		E8F148581AE196C6001B9D61 /* Base */ = {isa = PBXFileReference; lastKnownFileType = file.xib; name = Base; path = Base.lproj/LaunchScreen.xib; sourceTree = "<group>"; };
		E8F1485E1AE196C6001B9D61 /* FormularioTests.xctest */ = {isa = PBXFileReference; explicitFileType = wrapper.cfbundle; includeInIndex = 0; path = FormularioTests.xctest; sourceTree = BUILT_PRODUCTS_DIR; };
		E8F148631AE196C6001B9D61 /* Info.plist */ = {isa = PBXFileReference; lastKnownFileType = text.plist.xml; path = Info.plist; sourceTree = "<group>"; };
		E8F148641AE196C6001B9D61 /* FormularioTests.m */ = {isa = PBXFileReference; lastKnownFileType = sourcecode.c.objc; path = FormularioTests.m; sourceTree = "<group>"; };
		E8F148801AE19A06001B9D61 /* ViewController.h */ = {isa = PBXFileReference; fileEncoding = 4; lastKnownFileType = sourcecode.c.h; path = ViewController.h; sourceTree = "<group>"; };
		E8F148811AE19A06001B9D61 /* ViewController.m */ = {isa = PBXFileReference; fileEncoding = 4; lastKnownFileType = sourcecode.c.objc; path = ViewController.m; sourceTree = "<group>"; };
		E8F148851AE19C10001B9D61 /* Usuario.h */ = {isa = PBXFileReference; fileEncoding = 4; lastKnownFileType = sourcecode.c.h; path = Usuario.h; sourceTree = "<group>"; };
		E8F148861AE19C10001B9D61 /* Usuario.m */ = {isa = PBXFileReference; fileEncoding = 4; lastKnownFileType = sourcecode.c.objc; path = Usuario.m; sourceTree = "<group>"; };
/* End PBXFileReference section */

/* Begin PBXFrameworksBuildPhase section */
		E8F148421AE196C6001B9D61 /* Frameworks */ = {
			isa = PBXFrameworksBuildPhase;
			buildActionMask = 2147483647;
			files = (
			);
			runOnlyForDeploymentPostprocessing = 0;
		};
		E8F1485B1AE196C6001B9D61 /* Frameworks */ = {
			isa = PBXFrameworksBuildPhase;
			buildActionMask = 2147483647;
			files = (
			);
			runOnlyForDeploymentPostprocessing = 0;
		};
/* End PBXFrameworksBuildPhase section */

/* Begin PBXGroup section */
		E8F1483C1AE196C6001B9D61 = {
			isa = PBXGroup;
			children = (
				E8F148471AE196C6001B9D61 /* Formulario */,
				E8F148611AE196C6001B9D61 /* FormularioTests */,
				E8F148461AE196C6001B9D61 /* Products */,
			);
			sourceTree = "<group>";
		};
		E8F148461AE196C6001B9D61 /* Products */ = {
			isa = PBXGroup;
			children = (
				E8F148451AE196C6001B9D61 /* Formulario.app */,
				E8F1485E1AE196C6001B9D61 /* FormularioTests.xctest */,
			);
			name = Products;
			sourceTree = "<group>";
		};
		E8F148471AE196C6001B9D61 /* Formulario */ = {
			isa = PBXGroup;
			children = (
				E8F148831AE19A24001B9D61 /* Models */,
				E8F148841AE19A24001B9D61 /* Views */,
				E8F1487F1AE19A06001B9D61 /* Controllers */,
				E8F1484C1AE196C6001B9D61 /* AppDelegate.h */,
				E8F1484D1AE196C6001B9D61 /* AppDelegate.m */,
				E8F148521AE196C6001B9D61 /* Main.storyboard */,
				E8F148551AE196C6001B9D61 /* Images.xcassets */,
				E8F148571AE196C6001B9D61 /* LaunchScreen.xib */,
				E8F148481AE196C6001B9D61 /* Supporting Files */,
			);
			path = Formulario;
			sourceTree = "<group>";
		};
		E8F148481AE196C6001B9D61 /* Supporting Files */ = {
			isa = PBXGroup;
			children = (
				E8F148491AE196C6001B9D61 /* Info.plist */,
				E8F1484A1AE196C6001B9D61 /* main.m */,
			);
			name = "Supporting Files";
			sourceTree = "<group>";
		};
		E8F148611AE196C6001B9D61 /* FormularioTests */ = {
			isa = PBXGroup;
			children = (
				E8F148641AE196C6001B9D61 /* FormularioTests.m */,
				E8F148621AE196C6001B9D61 /* Supporting Files */,
			);
			path = FormularioTests;
			sourceTree = "<group>";
		};
		E8F148621AE196C6001B9D61 /* Supporting Files */ = {
			isa = PBXGroup;
			children = (
				E8F148631AE196C6001B9D61 /* Info.plist */,
			);
			name = "Supporting Files";
			sourceTree = "<group>";
		};
		E8F1487F1AE19A06001B9D61 /* Controllers */ = {
			isa = PBXGroup;
			children = (
				E8F148801AE19A06001B9D61 /* ViewController.h */,
				E8F148811AE19A06001B9D61 /* ViewController.m */,
			);
			path = Controllers;
			sourceTree = "<group>";
		};
		E8F148831AE19A24001B9D61 /* Models */ = {
			isa = PBXGroup;
			children = (
				E8F148851AE19C10001B9D61 /* Usuario.h */,
				E8F148861AE19C10001B9D61 /* Usuario.m */,
			);
			path = Models;
			sourceTree = "<group>";
		};
		E8F148841AE19A24001B9D61 /* Views */ = {
			isa = PBXGroup;
			children = (
			);
			path = Views;
			sourceTree = "<group>";
		};
/* End PBXGroup section */

/* Begin PBXNativeTarget section */
		E8F148441AE196C6001B9D61 /* Formulario */ = {
			isa = PBXNativeTarget;
			buildConfigurationList = E8F148681AE196C6001B9D61 /* Build configuration list for PBXNativeTarget "Formulario" */;
			buildPhases = (
				E8F148411AE196C6001B9D61 /* Sources */,
				E8F148421AE196C6001B9D61 /* Frameworks */,
				E8F148431AE196C6001B9D61 /* Resources */,
			);
			buildRules = (
			);
			dependencies = (
			);
			name = Formulario;
			productName = Formulario;
			productReference = E8F148451AE196C6001B9D61 /* Formulario.app */;
			productType = "com.apple.product-type.application";
		};
		E8F1485D1AE196C6001B9D61 /* FormularioTests */ = {
			isa = PBXNativeTarget;
			buildConfigurationList = E8F1486B1AE196C6001B9D61 /* Build configuration list for PBXNativeTarget "FormularioTests" */;
			buildPhases = (
				E8F1485A1AE196C6001B9D61 /* Sources */,
				E8F1485B1AE196C6001B9D61 /* Frameworks */,
				E8F1485C1AE196C6001B9D61 /* Resources */,
			);
			buildRules = (
			);
			dependencies = (
				E8F148601AE196C6001B9D61 /* PBXTargetDependency */,
			);
			name = FormularioTests;
			productName = FormularioTests;
			productReference = E8F1485E1AE196C6001B9D61 /* FormularioTests.xctest */;
			productType = "com.apple.product-type.bundle.unit-test";
		};
/* End PBXNativeTarget section */

/* Begin PBXProject section */
		E8F1483D1AE196C6001B9D61 /* Project object */ = {
			isa = PBXProject;
			attributes = {
				LastUpgradeCheck = 0630;
				ORGANIZATIONNAME = "Cappacitate2015-Barranquilla";
				TargetAttributes = {
					E8F148441AE196C6001B9D61 = {
						CreatedOnToolsVersion = 6.3;
					};
					E8F1485D1AE196C6001B9D61 = {
						CreatedOnToolsVersion = 6.3;
						TestTargetID = E8F148441AE196C6001B9D61;
					};
				};
			};
			buildConfigurationList = E8F148401AE196C6001B9D61 /* Build configuration list for PBXProject "Formulario" */;
			compatibilityVersion = "Xcode 3.2";
			developmentRegion = English;
			hasScannedForEncodings = 0;
			knownRegions = (
				en,
				Base,
			);
			mainGroup = E8F1483C1AE196C6001B9D61;
			productRefGroup = E8F148461AE196C6001B9D61 /* Products */;
			projectDirPath = "";
			projectRoot = "";
			targets = (
				E8F148441AE196C6001B9D61 /* Formulario */,
				E8F1485D1AE196C6001B9D61 /* FormularioTests */,
			);
		};
/* End PBXProject section */

/* Begin PBXResourcesBuildPhase section */
		E8F148431AE196C6001B9D61 /* Resources */ = {
			isa = PBXResourcesBuildPhase;
			buildActionMask = 2147483647;
			files = (
				E8F148541AE196C6001B9D61 /* Main.storyboard in Resources */,
				E8F148591AE196C6001B9D61 /* LaunchScreen.xib in Resources */,
				E8F148561AE196C6001B9D61 /* Images.xcassets in Resources */,
			);
			runOnlyForDeploymentPostprocessing = 0;
		};
		E8F1485C1AE196C6001B9D61 /* Resources */ = {
			isa = PBXResourcesBuildPhase;
			buildActionMask = 2147483647;
			files = (
			);
			runOnlyForDeploymentPostprocessing = 0;
		};
/* End PBXResourcesBuildPhase section */

/* Begin PBXSourcesBuildPhase section */
		E8F148411AE196C6001B9D61 /* Sources */ = {
			isa = PBXSourcesBuildPhase;
			buildActionMask = 2147483647;
			files = (
				E8F148871AE19C10001B9D61 /* Usuario.m in Sources */,
				E8F148821AE19A06001B9D61 /* ViewController.m in Sources */,
				E8F1484E1AE196C6001B9D61 /* AppDelegate.m in Sources */,
				E8F1484B1AE196C6001B9D61 /* main.m in Sources */,
			);
			runOnlyForDeploymentPostprocessing = 0;
		};
		E8F1485A1AE196C6001B9D61 /* Sources */ = {
			isa = PBXSourcesBuildPhase;
			buildActionMask = 2147483647;
			files = (
				E8F148651AE196C6001B9D61 /* FormularioTests.m in Sources */,
			);
			runOnlyForDeploymentPostprocessing = 0;
		};
/* End PBXSourcesBuildPhase section */

/* Begin PBXTargetDependency section */
		E8F148601AE196C6001B9D61 /* PBXTargetDependency */ = {
			isa = PBXTargetDependency;
			target = E8F148441AE196C6001B9D61 /* Formulario */;
			targetProxy = E8F1485F1AE196C6001B9D61 /* PBXContainerItemProxy */;
		};
/* End PBXTargetDependency section */

/* Begin PBXVariantGroup section */
		E8F148521AE196C6001B9D61 /* Main.storyboard */ = {
			isa = PBXVariantGroup;
			children = (
				E8F148531AE196C6001B9D61 /* Base */,
			);
			name = Main.storyboard;
			sourceTree = "<group>";
		};
		E8F148571AE196C6001B9D61 /* LaunchScreen.xib */ = {
			isa = PBXVariantGroup;
			children = (
				E8F148581AE196C6001B9D61 /* Base */,
			);
			name = LaunchScreen.xib;
			sourceTree = "<group>";
		};
/* End PBXVariantGroup section */

/* Begin XCBuildConfiguration section */
		E8F148661AE196C6001B9D61 /* Debug */ = {
			isa = XCBuildConfiguration;
			buildSettings = {
				ALWAYS_SEARCH_USER_PATHS = NO;
				CLANG_CXX_LANGUAGE_STANDARD = "gnu++0x";
				CLANG_CXX_LIBRARY = "libc++";
				CLANG_ENABLE_MODULES = YES;
				CLANG_ENABLE_OBJC_ARC = YES;
				CLANG_WARN_BOOL_CONVERSION = YES;
				CLANG_WARN_CONSTANT_CONVERSION = YES;
				CLANG_WARN_DIRECT_OBJC_ISA_USAGE = YES_ERROR;
				CLANG_WARN_EMPTY_BODY = YES;
				CLANG_WARN_ENUM_CONVERSION = YES;
				CLANG_WARN_INT_CONVERSION = YES;
				CLANG_WARN_OBJC_ROOT_CLASS = YES_ERROR;
				CLANG_WARN_UNREACHABLE_CODE = YES;
				CLANG_WARN__DUPLICATE_METHOD_MATCH = YES;
				"CODE_SIGN_IDENTITY[sdk=iphoneos*]" = "iPhone Developer";
				COPY_PHASE_STRIP = NO;
				DEBUG_INFORMATION_FORMAT = "dwarf-with-dsym";
				ENABLE_STRICT_OBJC_MSGSEND = YES;
				GCC_C_LANGUAGE_STANDARD = gnu99;
				GCC_DYNAMIC_NO_PIC = NO;
				GCC_NO_COMMON_BLOCKS = YES;
				GCC_OPTIMIZATION_LEVEL = 0;
				GCC_PREPROCESSOR_DEFINITIONS = (
					"DEBUG=1",
					"$(inherited)",
				);
				GCC_SYMBOLS_PRIVATE_EXTERN = NO;
				GCC_WARN_64_TO_32_BIT_CONVERSION = YES;
				GCC_WARN_ABOUT_RETURN_TYPE = YES_ERROR;
				GCC_WARN_UNDECLARED_SELECTOR = YES;
				GCC_WARN_UNINITIALIZED_AUTOS = YES_AGGRESSIVE;
				GCC_WARN_UNUSED_FUNCTION = YES;
				GCC_WARN_UNUSED_VARIABLE = YES;
				IPHONEOS_DEPLOYMENT_TARGET = 8.3;
				MTL_ENABLE_DEBUG_INFO = YES;
				ONLY_ACTIVE_ARCH = YES;
				SDKROOT = iphoneos;
			};
			name = Debug;
		};
		E8F148671AE196C6001B9D61 /* Release */ = {
			isa = XCBuildConfiguration;
			buildSettings = {
				ALWAYS_SEARCH_USER_PATHS = NO;
				CLANG_CXX_LANGUAGE_STANDARD = "gnu++0x";
				CLANG_CXX_LIBRARY = "libc++";
				CLANG_ENABLE_MODULES = YES;
				CLANG_ENABLE_OBJC_ARC = YES;
				CLANG_WARN_BOOL_CONVERSION = YES;
				CLANG_WARN_CONSTANT_CONVERSION = YES;
				CLANG_WARN_DIRECT_OBJC_ISA_USAGE = YES_ERROR;
				CLANG_WARN_EMPTY_BODY = YES;
				CLANG_WARN_ENUM_CONVERSION = YES;
				CLANG_WARN_INT_CONVERSION = YES;
				CLANG_WARN_OBJC_ROOT_CLASS = YES_ERROR;
				CLANG_WARN_UNREACHABLE_CODE = YES;
				CLANG_WARN__DUPLICATE_METHOD_MATCH = YES;
				"CODE_SIGN_IDENTITY[sdk=iphoneos*]" = "iPhone Developer";
				COPY_PHASE_STRIP = NO;
				DEBUG_INFORMATION_FORMAT = "dwarf-with-dsym";
				ENABLE_NS_ASSERTIONS = NO;
				ENABLE_STRICT_OBJC_MSGSEND = YES;
				GCC_C_LANGUAGE_STANDARD = gnu99;
				GCC_NO_COMMON_BLOCKS = YES;
				GCC_WARN_64_TO_32_BIT_CONVERSION = YES;
				GCC_WARN_ABOUT_RETURN_TYPE = YES_ERROR;
				GCC_WARN_UNDECLARED_SELECTOR = YES;
				GCC_WARN_UNINITIALIZED_AUTOS = YES_AGGRESSIVE;
				GCC_WARN_UNUSED_FUNCTION = YES;
				GCC_WARN_UNUSED_VARIABLE = YES;
				IPHONEOS_DEPLOYMENT_TARGET = 8.3;
				MTL_ENABLE_DEBUG_INFO = NO;
				SDKROOT = iphoneos;
				VALIDATE_PRODUCT = YES;
			};
			name = Release;
		};
		E8F148691AE196C6001B9D61 /* Debug */ = {
			isa = XCBuildConfiguration;
			buildSettings = {
				ASSETCATALOG_COMPILER_APPICON_NAME = AppIcon;
				INFOPLIST_FILE = Formulario/Info.plist;
				LD_RUNPATH_SEARCH_PATHS = "$(inherited) @executable_path/Frameworks";
				PRODUCT_NAME = "$(TARGET_NAME)";
			};
			name = Debug;
		};
		E8F1486A1AE196C6001B9D61 /* Release */ = {
			isa = XCBuildConfiguration;
			buildSettings = {
				ASSETCATALOG_COMPILER_APPICON_NAME = AppIcon;
				INFOPLIST_FILE = Formulario/Info.plist;
				LD_RUNPATH_SEARCH_PATHS = "$(inherited) @executable_path/Frameworks";
				PRODUCT_NAME = "$(TARGET_NAME)";
			};
			name = Release;
		};
		E8F1486C1AE196C6001B9D61 /* Debug */ = {
			isa = XCBuildConfiguration;
			buildSettings = {
				BUNDLE_LOADER = "$(TEST_HOST)";
				FRAMEWORK_SEARCH_PATHS = (
					"$(SDKROOT)/Developer/Library/Frameworks",
					"$(inherited)",
				);
				GCC_PREPROCESSOR_DEFINITIONS = (
					"DEBUG=1",
					"$(inherited)",
				);
				INFOPLIST_FILE = FormularioTests/Info.plist;
				LD_RUNPATH_SEARCH_PATHS = "$(inherited) @executable_path/Frameworks @loader_path/Frameworks";
				PRODUCT_NAME = "$(TARGET_NAME)";
				TEST_HOST = "$(BUILT_PRODUCTS_DIR)/Formulario.app/Formulario";
			};
			name = Debug;
		};
		E8F1486D1AE196C6001B9D61 /* Release */ = {
			isa = XCBuildConfiguration;
			buildSettings = {
				BUNDLE_LOADER = "$(TEST_HOST)";
				FRAMEWORK_SEARCH_PATHS = (
					"$(SDKROOT)/Developer/Library/Frameworks",
					"$(inherited)",
				);
				INFOPLIST_FILE = FormularioTests/Info.plist;
				LD_RUNPATH_SEARCH_PATHS = "$(inherited) @executable_path/Frameworks @loader_path/Frameworks";
				PRODUCT_NAME = "$(TARGET_NAME)";
				TEST_HOST = "$(BUILT_PRODUCTS_DIR)/Formulario.app/Formulario";
			};
			name = Release;
		};
/* End XCBuildConfiguration section */

/* Begin XCConfigurationList section */
		E8F148401AE196C6001B9D61 /* Build configuration list for PBXProject "Formulario" */ = {
			isa = XCConfigurationList;
			buildConfigurations = (
				E8F148661AE196C6001B9D61 /* Debug */,
				E8F148671AE196C6001B9D61 /* Release */,
			);
			defaultConfigurationIsVisible = 0;
			defaultConfigurationName = Release;
		};
		E8F148681AE196C6001B9D61 /* Build configuration list for PBXNativeTarget "Formulario" */ = {
			isa = XCConfigurationList;
			buildConfigurations = (
				E8F148691AE196C6001B9D61 /* Debug */,
				E8F1486A1AE196C6001B9D61 /* Release */,
			);
			defaultConfigurationIsVisible = 0;
		};
		E8F1486B1AE196C6001B9D61 /* Build configuration list for PBXNativeTarget "FormularioTests" */ = {
			isa = XCConfigurationList;
			buildConfigurations = (
				E8F1486C1AE196C6001B9D61 /* Debug */,
				E8F1486D1AE196C6001B9D61 /* Release */,
			);
			defaultConfigurationIsVisible = 0;
		};
/* End XCConfigurationList section */
	};
	rootObject = E8F1483D1AE196C6001B9D61 /* Project object */;
}
