// !$*UTF8*$!
{
	archiveVersion = 1;
	classes = {
	};
	objectVersion = 46;
	objects = {

/* Begin PBXBuildFile section */
		E8D5B3F51AE1544E0005351D /* main.m in Sources */ = {isa = PBXBuildFile; fileRef = E8D5B3F41AE1544E0005351D /* main.m */; };
		E8D5B3F81AE1544E0005351D /* AppDelegate.m in Sources */ = {isa = PBXBuildFile; fileRef = E8D5B3F71AE1544E0005351D /* AppDelegate.m */; };
		E8D5B3FE1AE1544E0005351D /* Main.storyboard in Resources */ = {isa = PBXBuildFile; fileRef = E8D5B3FC1AE1544E0005351D /* Main.storyboard */; };
		E8D5B4001AE1544E0005351D /* Images.xcassets in Resources */ = {isa = PBXBuildFile; fileRef = E8D5B3FF1AE1544E0005351D /* Images.xcassets */; };
		E8D5B4031AE1544E0005351D /* LaunchScreen.xib in Resources */ = {isa = PBXBuildFile; fileRef = E8D5B4011AE1544E0005351D /* LaunchScreen.xib */; };
		E8D5B40F1AE1544E0005351D /* CalculadoraTests.m in Sources */ = {isa = PBXBuildFile; fileRef = E8D5B40E1AE1544E0005351D /* CalculadoraTests.m */; };
		E8D5B4211AE157570005351D /* CalculadoraViewController.m in Sources */ = {isa = PBXBuildFile; fileRef = E8D5B4201AE157570005351D /* CalculadoraViewController.m */; };
/* End PBXBuildFile section */

/* Begin PBXContainerItemProxy section */
		E8D5B4091AE1544E0005351D /* PBXContainerItemProxy */ = {
			isa = PBXContainerItemProxy;
			containerPortal = E8D5B3E71AE1544E0005351D /* Project object */;
			proxyType = 1;
			remoteGlobalIDString = E8D5B3EE1AE1544E0005351D;
			remoteInfo = Calculadora;
		};
/* End PBXContainerItemProxy section */

/* Begin PBXFileReference section */
		E8D5B3EF1AE1544E0005351D /* Calculadora.app */ = {isa = PBXFileReference; explicitFileType = wrapper.application; includeInIndex = 0; path = Calculadora.app; sourceTree = BUILT_PRODUCTS_DIR; };
		E8D5B3F31AE1544E0005351D /* Info.plist */ = {isa = PBXFileReference; lastKnownFileType = text.plist.xml; path = Info.plist; sourceTree = "<group>"; };
		E8D5B3F41AE1544E0005351D /* main.m */ = {isa = PBXFileReference; lastKnownFileType = sourcecode.c.objc; path = main.m; sourceTree = "<group>"; };
		E8D5B3F61AE1544E0005351D /* AppDelegate.h */ = {isa = PBXFileReference; lastKnownFileType = sourcecode.c.h; path = AppDelegate.h; sourceTree = "<group>"; };
		E8D5B3F71AE1544E0005351D /* AppDelegate.m */ = {isa = PBXFileReference; lastKnownFileType = sourcecode.c.objc; path = AppDelegate.m; sourceTree = "<group>"; };
		E8D5B3FD1AE1544E0005351D /* Base */ = {isa = PBXFileReference; lastKnownFileType = file.storyboard; name = Base; path = Base.lproj/Main.storyboard; sourceTree = "<group>"; };
		E8D5B3FF1AE1544E0005351D /* Images.xcassets */ = {isa = PBXFileReference; lastKnownFileType = folder.assetcatalog; path = Images.xcassets; sourceTree = "<group>"; };
		E8D5B4021AE1544E0005351D /* Base */ = {isa = PBXFileReference; lastKnownFileType = file.xib; name = Base; path = Base.lproj/LaunchScreen.xib; sourceTree = "<group>"; };
		E8D5B4081AE1544E0005351D /* CalculadoraTests.xctest */ = {isa = PBXFileReference; explicitFileType = wrapper.cfbundle; includeInIndex = 0; path = CalculadoraTests.xctest; sourceTree = BUILT_PRODUCTS_DIR; };
		E8D5B40D1AE1544E0005351D /* Info.plist */ = {isa = PBXFileReference; lastKnownFileType = text.plist.xml; path = Info.plist; sourceTree = "<group>"; };
		E8D5B40E1AE1544E0005351D /* CalculadoraTests.m */ = {isa = PBXFileReference; lastKnownFileType = sourcecode.c.objc; path = CalculadoraTests.m; sourceTree = "<group>"; };
		E8D5B41F1AE157570005351D /* CalculadoraViewController.h */ = {isa = PBXFileReference; fileEncoding = 4; lastKnownFileType = sourcecode.c.h; name = CalculadoraViewController.h; path = Controllers/CalculadoraViewController.h; sourceTree = "<group>"; };
		E8D5B4201AE157570005351D /* CalculadoraViewController.m */ = {isa = PBXFileReference; fileEncoding = 4; lastKnownFileType = sourcecode.c.objc; name = CalculadoraViewController.m; path = Controllers/CalculadoraViewController.m; sourceTree = "<group>"; };
/* End PBXFileReference section */

/* Begin PBXFrameworksBuildPhase section */
		E8D5B3EC1AE1544E0005351D /* Frameworks */ = {
			isa = PBXFrameworksBuildPhase;
			buildActionMask = 2147483647;
			files = (
			);
			runOnlyForDeploymentPostprocessing = 0;
		};
		E8D5B4051AE1544E0005351D /* Frameworks */ = {
			isa = PBXFrameworksBuildPhase;
			buildActionMask = 2147483647;
			files = (
			);
			runOnlyForDeploymentPostprocessing = 0;
		};
/* End PBXFrameworksBuildPhase section */

/* Begin PBXGroup section */
		E8D5B3E61AE1544E0005351D = {
			isa = PBXGroup;
			children = (
				E8D5B3F11AE1544E0005351D /* Calculadora */,
				E8D5B40B1AE1544E0005351D /* CalculadoraTests */,
				E8D5B3F01AE1544E0005351D /* Products */,
			);
			sourceTree = "<group>";
		};
		E8D5B3F01AE1544E0005351D /* Products */ = {
			isa = PBXGroup;
			children = (
				E8D5B3EF1AE1544E0005351D /* Calculadora.app */,
				E8D5B4081AE1544E0005351D /* CalculadoraTests.xctest */,
			);
			name = Products;
			sourceTree = "<group>";
		};
		E8D5B3F11AE1544E0005351D /* Calculadora */ = {
			isa = PBXGroup;
			children = (
				E8D5B3F61AE1544E0005351D /* AppDelegate.h */,
				E8D5B3F71AE1544E0005351D /* AppDelegate.m */,
				E8D5B3FC1AE1544E0005351D /* Main.storyboard */,
				E8D5B3FF1AE1544E0005351D /* Images.xcassets */,
				E8D5B4011AE1544E0005351D /* LaunchScreen.xib */,
				E8D5B3F21AE1544E0005351D /* Supporting Files */,
				E8D5B41E1AE155F30005351D /* Controllers */,
			);
			path = Calculadora;
			sourceTree = "<group>";
		};
		E8D5B3F21AE1544E0005351D /* Supporting Files */ = {
			isa = PBXGroup;
			children = (
				E8D5B3F31AE1544E0005351D /* Info.plist */,
				E8D5B3F41AE1544E0005351D /* main.m */,
			);
			name = "Supporting Files";
			sourceTree = "<group>";
		};
		E8D5B40B1AE1544E0005351D /* CalculadoraTests */ = {
			isa = PBXGroup;
			children = (
				E8D5B40E1AE1544E0005351D /* CalculadoraTests.m */,
				E8D5B40C1AE1544E0005351D /* Supporting Files */,
			);
			path = CalculadoraTests;
			sourceTree = "<group>";
		};
		E8D5B40C1AE1544E0005351D /* Supporting Files */ = {
			isa = PBXGroup;
			children = (
				E8D5B40D1AE1544E0005351D /* Info.plist */,
			);
			name = "Supporting Files";
			sourceTree = "<group>";
		};
		E8D5B41E1AE155F30005351D /* Controllers */ = {
			isa = PBXGroup;
			children = (
				E8D5B41F1AE157570005351D /* CalculadoraViewController.h */,
				E8D5B4201AE157570005351D /* CalculadoraViewController.m */,
			);
			name = Controllers;
			sourceTree = "<group>";
		};
/* End PBXGroup section */

/* Begin PBXNativeTarget section */
		E8D5B3EE1AE1544E0005351D /* Calculadora */ = {
			isa = PBXNativeTarget;
			buildConfigurationList = E8D5B4121AE1544E0005351D /* Build configuration list for PBXNativeTarget "Calculadora" */;
			buildPhases = (
				E8D5B3EB1AE1544E0005351D /* Sources */,
				E8D5B3EC1AE1544E0005351D /* Frameworks */,
				E8D5B3ED1AE1544E0005351D /* Resources */,
			);
			buildRules = (
			);
			dependencies = (
			);
			name = Calculadora;
			productName = Calculadora;
			productReference = E8D5B3EF1AE1544E0005351D /* Calculadora.app */;
			productType = "com.apple.product-type.application";
		};
		E8D5B4071AE1544E0005351D /* CalculadoraTests */ = {
			isa = PBXNativeTarget;
			buildConfigurationList = E8D5B4151AE1544E0005351D /* Build configuration list for PBXNativeTarget "CalculadoraTests" */;
			buildPhases = (
				E8D5B4041AE1544E0005351D /* Sources */,
				E8D5B4051AE1544E0005351D /* Frameworks */,
				E8D5B4061AE1544E0005351D /* Resources */,
			);
			buildRules = (
			);
			dependencies = (
				E8D5B40A1AE1544E0005351D /* PBXTargetDependency */,
			);
			name = CalculadoraTests;
			productName = CalculadoraTests;
			productReference = E8D5B4081AE1544E0005351D /* CalculadoraTests.xctest */;
			productType = "com.apple.product-type.bundle.unit-test";
		};
/* End PBXNativeTarget section */

/* Begin PBXProject section */
		E8D5B3E71AE1544E0005351D /* Project object */ = {
			isa = PBXProject;
			attributes = {
				LastUpgradeCheck = 0630;
				ORGANIZATIONNAME = "Cappacitate2015-Barranquilla";
				TargetAttributes = {
					E8D5B3EE1AE1544E0005351D = {
						CreatedOnToolsVersion = 6.3;
					};
					E8D5B4071AE1544E0005351D = {
						CreatedOnToolsVersion = 6.3;
						TestTargetID = E8D5B3EE1AE1544E0005351D;
					};
				};
			};
			buildConfigurationList = E8D5B3EA1AE1544E0005351D /* Build configuration list for PBXProject "Calculadora" */;
			compatibilityVersion = "Xcode 3.2";
			developmentRegion = English;
			hasScannedForEncodings = 0;
			knownRegions = (
				en,
				Base,
			);
			mainGroup = E8D5B3E61AE1544E0005351D;
			productRefGroup = E8D5B3F01AE1544E0005351D /* Products */;
			projectDirPath = "";
			projectRoot = "";
			targets = (
				E8D5B3EE1AE1544E0005351D /* Calculadora */,
				E8D5B4071AE1544E0005351D /* CalculadoraTests */,
			);
		};
/* End PBXProject section */

/* Begin PBXResourcesBuildPhase section */
		E8D5B3ED1AE1544E0005351D /* Resources */ = {
			isa = PBXResourcesBuildPhase;
			buildActionMask = 2147483647;
			files = (
				E8D5B3FE1AE1544E0005351D /* Main.storyboard in Resources */,
				E8D5B4031AE1544E0005351D /* LaunchScreen.xib in Resources */,
				E8D5B4001AE1544E0005351D /* Images.xcassets in Resources */,
			);
			runOnlyForDeploymentPostprocessing = 0;
		};
		E8D5B4061AE1544E0005351D /* Resources */ = {
			isa = PBXResourcesBuildPhase;
			buildActionMask = 2147483647;
			files = (
			);
			runOnlyForDeploymentPostprocessing = 0;
		};
/* End PBXResourcesBuildPhase section */

/* Begin PBXSourcesBuildPhase section */
		E8D5B3EB1AE1544E0005351D /* Sources */ = {
			isa = PBXSourcesBuildPhase;
			buildActionMask = 2147483647;
			files = (
				E8D5B3F81AE1544E0005351D /* AppDelegate.m in Sources */,
				E8D5B3F51AE1544E0005351D /* main.m in Sources */,
				E8D5B4211AE157570005351D /* CalculadoraViewController.m in Sources */,
			);
			runOnlyForDeploymentPostprocessing = 0;
		};
		E8D5B4041AE1544E0005351D /* Sources */ = {
			isa = PBXSourcesBuildPhase;
			buildActionMask = 2147483647;
			files = (
				E8D5B40F1AE1544E0005351D /* CalculadoraTests.m in Sources */,
			);
			runOnlyForDeploymentPostprocessing = 0;
		};
/* End PBXSourcesBuildPhase section */

/* Begin PBXTargetDependency section */
		E8D5B40A1AE1544E0005351D /* PBXTargetDependency */ = {
			isa = PBXTargetDependency;
			target = E8D5B3EE1AE1544E0005351D /* Calculadora */;
			targetProxy = E8D5B4091AE1544E0005351D /* PBXContainerItemProxy */;
		};
/* End PBXTargetDependency section */

/* Begin PBXVariantGroup section */
		E8D5B3FC1AE1544E0005351D /* Main.storyboard */ = {
			isa = PBXVariantGroup;
			children = (
				E8D5B3FD1AE1544E0005351D /* Base */,
			);
			name = Main.storyboard;
			sourceTree = "<group>";
		};
		E8D5B4011AE1544E0005351D /* LaunchScreen.xib */ = {
			isa = PBXVariantGroup;
			children = (
				E8D5B4021AE1544E0005351D /* Base */,
			);
			name = LaunchScreen.xib;
			sourceTree = "<group>";
		};
/* End PBXVariantGroup section */

/* Begin XCBuildConfiguration section */
		E8D5B4101AE1544E0005351D /* Debug */ = {
			isa = XCBuildConfiguration;
			buildSettings = {
				ALWAYS_SEARCH_USER_PATHS = NO;
				CLANG_CXX_LANGUAGE_STANDARD = "gnu++0x";
				CLANG_CXX_LIBRARY = "libc++";
				CLANG_ENABLE_MODULES = YES;
				CLANG_ENABLE_OBJC_ARC = YES;
				CLANG_WARN_BOOL_CONVERSION = YES;
				CLANG_WARN_CONSTANT_CONVERSION = YES;
				CLANG_WARN_DIRECT_OBJC_ISA_USAGE = YES_ERROR;
				CLANG_WARN_EMPTY_BODY = YES;
				CLANG_WARN_ENUM_CONVERSION = YES;
				CLANG_WARN_INT_CONVERSION = YES;
				CLANG_WARN_OBJC_ROOT_CLASS = YES_ERROR;
				CLANG_WARN_UNREACHABLE_CODE = YES;
				CLANG_WARN__DUPLICATE_METHOD_MATCH = YES;
				"CODE_SIGN_IDENTITY[sdk=iphoneos*]" = "iPhone Developer";
				COPY_PHASE_STRIP = NO;
				DEBUG_INFORMATION_FORMAT = "dwarf-with-dsym";
				ENABLE_STRICT_OBJC_MSGSEND = YES;
				GCC_C_LANGUAGE_STANDARD = gnu99;
				GCC_DYNAMIC_NO_PIC = NO;
				GCC_NO_COMMON_BLOCKS = YES;
				GCC_OPTIMIZATION_LEVEL = 0;
				GCC_PREPROCESSOR_DEFINITIONS = (
					"DEBUG=1",
					"$(inherited)",
				);
				GCC_SYMBOLS_PRIVATE_EXTERN = NO;
				GCC_WARN_64_TO_32_BIT_CONVERSION = YES;
				GCC_WARN_ABOUT_RETURN_TYPE = YES_ERROR;
				GCC_WARN_UNDECLARED_SELECTOR = YES;
				GCC_WARN_UNINITIALIZED_AUTOS = YES_AGGRESSIVE;
				GCC_WARN_UNUSED_FUNCTION = YES;
				GCC_WARN_UNUSED_VARIABLE = YES;
				IPHONEOS_DEPLOYMENT_TARGET = 8.3;
				MTL_ENABLE_DEBUG_INFO = YES;
				ONLY_ACTIVE_ARCH = YES;
				SDKROOT = iphoneos;
			};
			name = Debug;
		};
		E8D5B4111AE1544E0005351D /* Release */ = {
			isa = XCBuildConfiguration;
			buildSettings = {
				ALWAYS_SEARCH_USER_PATHS = NO;
				CLANG_CXX_LANGUAGE_STANDARD = "gnu++0x";
				CLANG_CXX_LIBRARY = "libc++";
				CLANG_ENABLE_MODULES = YES;
				CLANG_ENABLE_OBJC_ARC = YES;
				CLANG_WARN_BOOL_CONVERSION = YES;
				CLANG_WARN_CONSTANT_CONVERSION = YES;
				CLANG_WARN_DIRECT_OBJC_ISA_USAGE = YES_ERROR;
				CLANG_WARN_EMPTY_BODY = YES;
				CLANG_WARN_ENUM_CONVERSION = YES;
				CLANG_WARN_INT_CONVERSION = YES;
				CLANG_WARN_OBJC_ROOT_CLASS = YES_ERROR;
				CLANG_WARN_UNREACHABLE_CODE = YES;
				CLANG_WARN__DUPLICATE_METHOD_MATCH = YES;
				"CODE_SIGN_IDENTITY[sdk=iphoneos*]" = "iPhone Developer";
				COPY_PHASE_STRIP = NO;
				DEBUG_INFORMATION_FORMAT = "dwarf-with-dsym";
				ENABLE_NS_ASSERTIONS = NO;
				ENABLE_STRICT_OBJC_MSGSEND = YES;
				GCC_C_LANGUAGE_STANDARD = gnu99;
				GCC_NO_COMMON_BLOCKS = YES;
				GCC_WARN_64_TO_32_BIT_CONVERSION = YES;
				GCC_WARN_ABOUT_RETURN_TYPE = YES_ERROR;
				GCC_WARN_UNDECLARED_SELECTOR = YES;
				GCC_WARN_UNINITIALIZED_AUTOS = YES_AGGRESSIVE;
				GCC_WARN_UNUSED_FUNCTION = YES;
				GCC_WARN_UNUSED_VARIABLE = YES;
				IPHONEOS_DEPLOYMENT_TARGET = 8.3;
				MTL_ENABLE_DEBUG_INFO = NO;
				SDKROOT = iphoneos;
				VALIDATE_PRODUCT = YES;
			};
			name = Release;
		};
		E8D5B4131AE1544E0005351D /* Debug */ = {
			isa = XCBuildConfiguration;
			buildSettings = {
				ASSETCATALOG_COMPILER_APPICON_NAME = AppIcon;
				INFOPLIST_FILE = Calculadora/Info.plist;
				LD_RUNPATH_SEARCH_PATHS = "$(inherited) @executable_path/Frameworks";
				PRODUCT_NAME = "$(TARGET_NAME)";
			};
			name = Debug;
		};
		E8D5B4141AE1544E0005351D /* Release */ = {
			isa = XCBuildConfiguration;
			buildSettings = {
				ASSETCATALOG_COMPILER_APPICON_NAME = AppIcon;
				INFOPLIST_FILE = Calculadora/Info.plist;
				LD_RUNPATH_SEARCH_PATHS = "$(inherited) @executable_path/Frameworks";
				PRODUCT_NAME = "$(TARGET_NAME)";
			};
			name = Release;
		};
		E8D5B4161AE1544E0005351D /* Debug */ = {
			isa = XCBuildConfiguration;
			buildSettings = {
				BUNDLE_LOADER = "$(TEST_HOST)";
				FRAMEWORK_SEARCH_PATHS = (
					"$(SDKROOT)/Developer/Library/Frameworks",
					"$(inherited)",
				);
				GCC_PREPROCESSOR_DEFINITIONS = (
					"DEBUG=1",
					"$(inherited)",
				);
				INFOPLIST_FILE = CalculadoraTests/Info.plist;
				LD_RUNPATH_SEARCH_PATHS = "$(inherited) @executable_path/Frameworks @loader_path/Frameworks";
				PRODUCT_NAME = "$(TARGET_NAME)";
				TEST_HOST = "$(BUILT_PRODUCTS_DIR)/Calculadora.app/Calculadora";
			};
			name = Debug;
		};
		E8D5B4171AE1544E0005351D /* Release */ = {
			isa = XCBuildConfiguration;
			buildSettings = {
				BUNDLE_LOADER = "$(TEST_HOST)";
				FRAMEWORK_SEARCH_PATHS = (
					"$(SDKROOT)/Developer/Library/Frameworks",
					"$(inherited)",
				);
				INFOPLIST_FILE = CalculadoraTests/Info.plist;
				LD_RUNPATH_SEARCH_PATHS = "$(inherited) @executable_path/Frameworks @loader_path/Frameworks";
				PRODUCT_NAME = "$(TARGET_NAME)";
				TEST_HOST = "$(BUILT_PRODUCTS_DIR)/Calculadora.app/Calculadora";
			};
			name = Release;
		};
/* End XCBuildConfiguration section */

/* Begin XCConfigurationList section */
		E8D5B3EA1AE1544E0005351D /* Build configuration list for PBXProject "Calculadora" */ = {
			isa = XCConfigurationList;
			buildConfigurations = (
				E8D5B4101AE1544E0005351D /* Debug */,
				E8D5B4111AE1544E0005351D /* Release */,
			);
			defaultConfigurationIsVisible = 0;
			defaultConfigurationName = Release;
		};
		E8D5B4121AE1544E0005351D /* Build configuration list for PBXNativeTarget "Calculadora" */ = {
			isa = XCConfigurationList;
			buildConfigurations = (
				E8D5B4131AE1544E0005351D /* Debug */,
				E8D5B4141AE1544E0005351D /* Release */,
			);
			defaultConfigurationIsVisible = 0;
			defaultConfigurationName = Release;
		};
		E8D5B4151AE1544E0005351D /* Build configuration list for PBXNativeTarget "CalculadoraTests" */ = {
			isa = XCConfigurationList;
			buildConfigurations = (
				E8D5B4161AE1544E0005351D /* Debug */,
				E8D5B4171AE1544E0005351D /* Release */,
			);
			defaultConfigurationIsVisible = 0;
			defaultConfigurationName = Release;
		};
/* End XCConfigurationList section */
	};
	rootObject = E8D5B3E71AE1544E0005351D /* Project object */;
}
